// !$*UTF8*$!
{
	archiveVersion = 1;
	classes = {
	};
	objectVersion = 56;
	objects = {

/* Begin PBXBuildFile section */
		1A0000010000000000000001 /* SpoknApp.swift in Sources */ = {isa = PBXBuildFile; fileRef = 1A0000020000000000000001 /* SpoknApp.swift */; };
		1A0000010000000000000003 /* SpeechService.swift in Sources */ = {isa = PBXBuildFile; fileRef = 1A0000020000000000000003 /* SpeechService.swift */; };
		1A0000010000000000000004 /* LanguageDetector.swift in Sources */ = {isa = PBXBuildFile; fileRef = 1A0000020000000000000004 /* LanguageDetector.swift */; };
		1A0000010000000000000005 /* HotkeyManager.swift in Sources */ = {isa = PBXBuildFile; fileRef = 1A0000020000000000000005 /* HotkeyManager.swift */; };
		1A0000010000000000000006 /* ClipboardManager.swift in Sources */ = {isa = PBXBuildFile; fileRef = 1A0000020000000000000006 /* ClipboardManager.swift */; };
		1A0000010000000000000008 /* Assets.xcassets in Resources */ = {isa = PBXBuildFile; fileRef = 1A0000020000000000000008 /* Assets.xcassets */; };
		1A0000010000000000000009 /* AppState.swift in Sources */ = {isa = PBXBuildFile; fileRef = 1A0000020000000000000009 /* AppState.swift */; };
		1A000001000000000000000A /* OverlayView.swift in Sources */ = {isa = PBXBuildFile; fileRef = 1A000002000000000000000A /* OverlayView.swift */; };
		1A000001000000000000000B /* SettingsView.swift in Sources */ = {isa = PBXBuildFile; fileRef = 1A000002000000000000000B /* SettingsView.swift */; };
		1A000001000000000000000C /* MarkdownHelper.swift in Sources */ = {isa = PBXBuildFile; fileRef = 1A000002000000000000000C /* MarkdownHelper.swift */; };
		1A000001000000000000000D /* MarkdownUI in Frameworks */ = {isa = PBXBuildFile; productRef = 1A000002000000000000000D /* MarkdownUI */; };
		1A0000010000000000000010 /* KaraokeBarView.swift in Sources */ = {isa = PBXBuildFile; fileRef = 1A0000020000000000000010 /* KaraokeBarView.swift */; };
		1A0000010000000000000011 /* DimmingContentView.swift in Sources */ = {isa = PBXBuildFile; fileRef = 1A0000020000000000000011 /* DimmingContentView.swift */; };
		1A0000010000000000000020 /* LanguageDetectorTests.swift in Sources */ = {isa = PBXBuildFile; fileRef = 1A0000020000000000000020 /* LanguageDetectorTests.swift */; };
		1A0000010000000000000021 /* MarkdownHelperTests.swift in Sources */ = {isa = PBXBuildFile; fileRef = 1A0000020000000000000021 /* MarkdownHelperTests.swift */; };
		1A0000010000000000000022 /* ClipboardManagerTests.swift in Sources */ = {isa = PBXBuildFile; fileRef = 1A0000020000000000000022 /* ClipboardManagerTests.swift */; };
		1A0000010000000000000023 /* KaraokeBarViewTests.swift in Sources */ = {isa = PBXBuildFile; fileRef = 1A0000020000000000000023 /* KaraokeBarViewTests.swift */; };
		1A0000010000000000000030 /* SpoknUITests.swift in Sources */ = {isa = PBXBuildFile; fileRef = 1A0000020000000000000030 /* SpoknUITests.swift */; };
/* End PBXBuildFile section */

/* Begin PBXContainerItemProxy section */
		1A0000040000000000000002 /* PBXContainerItemProxy */ = {
			isa = PBXContainerItemProxy;
			containerPortal = 1A0000090000000000000001 /* Project object */;
			proxyType = 1;
			remoteGlobalIDString = 1A0000060000000000000001;
			remoteInfo = Spokn;
		};
		1A0000040000000000000004 /* PBXContainerItemProxy */ = {
			isa = PBXContainerItemProxy;
			containerPortal = 1A0000090000000000000001 /* Project object */;
			proxyType = 1;
			remoteGlobalIDString = 1A0000060000000000000001;
			remoteInfo = Spokn;
		};
/* End PBXContainerItemProxy section */

/* Begin PBXFileReference section */
		1A0000020000000000000001 /* SpoknApp.swift */ = {isa = PBXFileReference; lastKnownFileType = sourcecode.swift; path = SpoknApp.swift; sourceTree = "<group>"; };
		1A0000020000000000000003 /* SpeechService.swift */ = {isa = PBXFileReference; lastKnownFileType = sourcecode.swift; path = SpeechService.swift; sourceTree = "<group>"; };
		1A0000020000000000000004 /* LanguageDetector.swift */ = {isa = PBXFileReference; lastKnownFileType = sourcecode.swift; path = LanguageDetector.swift; sourceTree = "<group>"; };
		1A0000020000000000000005 /* HotkeyManager.swift */ = {isa = PBXFileReference; lastKnownFileType = sourcecode.swift; path = HotkeyManager.swift; sourceTree = "<group>"; };
		1A0000020000000000000006 /* ClipboardManager.swift */ = {isa = PBXFileReference; lastKnownFileType = sourcecode.swift; path = ClipboardManager.swift; sourceTree = "<group>"; };
		1A0000020000000000000008 /* Assets.xcassets */ = {isa = PBXFileReference; lastKnownFileType = folder.assetcatalog; path = Assets.xcassets; sourceTree = "<group>"; };
		1A0000020000000000000009 /* AppState.swift */ = {isa = PBXFileReference; lastKnownFileType = sourcecode.swift; path = AppState.swift; sourceTree = "<group>"; };
		1A000002000000000000000A /* OverlayView.swift */ = {isa = PBXFileReference; lastKnownFileType = sourcecode.swift; path = OverlayView.swift; sourceTree = "<group>"; };
		1A000002000000000000000B /* SettingsView.swift */ = {isa = PBXFileReference; lastKnownFileType = sourcecode.swift; path = SettingsView.swift; sourceTree = "<group>"; };
		1A000002000000000000000C /* MarkdownHelper.swift */ = {isa = PBXFileReference; lastKnownFileType = sourcecode.swift; path = MarkdownHelper.swift; sourceTree = "<group>"; };
		1A0000020000000000000010 /* KaraokeBarView.swift */ = {isa = PBXFileReference; lastKnownFileType = sourcecode.swift; path = KaraokeBarView.swift; sourceTree = "<group>"; };
		1A0000020000000000000011 /* DimmingContentView.swift */ = {isa = PBXFileReference; lastKnownFileType = sourcecode.swift; path = DimmingContentView.swift; sourceTree = "<group>"; };
		1A0000020000000000000020 /* LanguageDetectorTests.swift */ = {isa = PBXFileReference; lastKnownFileType = sourcecode.swift; path = LanguageDetectorTests.swift; sourceTree = "<group>"; };
		1A0000020000000000000021 /* MarkdownHelperTests.swift */ = {isa = PBXFileReference; lastKnownFileType = sourcecode.swift; path = MarkdownHelperTests.swift; sourceTree = "<group>"; };
		1A0000020000000000000022 /* ClipboardManagerTests.swift */ = {isa = PBXFileReference; lastKnownFileType = sourcecode.swift; path = ClipboardManagerTests.swift; sourceTree = "<group>"; };
		1A0000020000000000000023 /* KaraokeBarViewTests.swift */ = {isa = PBXFileReference; lastKnownFileType = sourcecode.swift; path = KaraokeBarViewTests.swift; sourceTree = "<group>"; };
		1A0000020000000000000030 /* SpoknUITests.swift */ = {isa = PBXFileReference; lastKnownFileType = sourcecode.swift; path = SpoknUITests.swift; sourceTree = "<group>"; };
		1A0000030000000000000001 /* Spokn.app */ = {isa = PBXFileReference; explicitFileType = wrapper.application; includeInIndex = 0; path = Spokn.app; sourceTree = BUILT_PRODUCTS_DIR; };
		1A0000030000000000000002 /* Spokn.entitlements */ = {isa = PBXFileReference; lastKnownFileType = text.plist.entitlements; path = Spokn.entitlements; sourceTree = "<group>"; };
		1A0000030000000000000003 /* Info.plist */ = {isa = PBXFileReference; lastKnownFileType = text.plist.xml; path = Info.plist; sourceTree = "<group>"; };
		1A0000030000000000000004 /* SpoknTests.xctest */ = {isa = PBXFileReference; explicitFileType = wrapper.cfbundle; includeInIndex = 0; path = SpoknTests.xctest; sourceTree = BUILT_PRODUCTS_DIR; };
		1A0000030000000000000005 /* SpoknUITests.xctest */ = {isa = PBXFileReference; explicitFileType = wrapper.cfbundle; includeInIndex = 0; path = SpoknUITests.xctest; sourceTree = BUILT_PRODUCTS_DIR; };
/* End PBXFileReference section */

/* Begin PBXFrameworksBuildPhase section */
		1A0000040000000000000001 /* Frameworks */ = {
			isa = PBXFrameworksBuildPhase;
			buildActionMask = 2147483647;
			files = (
				1A000001000000000000000D /* MarkdownUI in Frameworks */,
			);
			runOnlyForDeploymentPostprocessing = 0;
		};
		1A0000040000000000000003 /* Frameworks */ = {
			isa = PBXFrameworksBuildPhase;
			buildActionMask = 2147483647;
			files = (
			);
			runOnlyForDeploymentPostprocessing = 0;
		};
		1A0000040000000000000005 /* Frameworks */ = {
			isa = PBXFrameworksBuildPhase;
			buildActionMask = 2147483647;
			files = (
			);
			runOnlyForDeploymentPostprocessing = 0;
		};
/* End PBXFrameworksBuildPhase section */

/* Begin PBXGroup section */
		1A0000050000000000000001 = {
			isa = PBXGroup;
			children = (
				1A0000050000000000000002 /* Spokn */,
				1A0000050000000000000004 /* SpoknTests */,
				1A0000050000000000000005 /* SpoknUITests */,
				1A0000050000000000000003 /* Products */,
			);
			sourceTree = "<group>";
		};
		1A0000050000000000000002 /* Spokn */ = {
			isa = PBXGroup;
			children = (
				1A0000020000000000000001 /* SpoknApp.swift */,
				1A0000020000000000000009 /* AppState.swift */,
				1A000002000000000000000A /* OverlayView.swift */,
				1A0000020000000000000010 /* KaraokeBarView.swift */,
				1A0000020000000000000011 /* DimmingContentView.swift */,
				1A000002000000000000000B /* SettingsView.swift */,
				1A0000020000000000000003 /* SpeechService.swift */,
				1A0000020000000000000004 /* LanguageDetector.swift */,
				1A0000020000000000000005 /* HotkeyManager.swift */,
				1A0000020000000000000006 /* ClipboardManager.swift */,
				1A000002000000000000000C /* MarkdownHelper.swift */,
				1A0000020000000000000008 /* Assets.xcassets */,
				1A0000030000000000000002 /* Spokn.entitlements */,
				1A0000030000000000000003 /* Info.plist */,
			);
			path = Spokn;
			sourceTree = "<group>";
		};
		1A0000050000000000000003 /* Products */ = {
			isa = PBXGroup;
			children = (
				1A0000030000000000000001 /* Spokn.app */,
				1A0000030000000000000004 /* SpoknTests.xctest */,
				1A0000030000000000000005 /* SpoknUITests.xctest */,
			);
			name = Products;
			sourceTree = "<group>";
		};
		1A0000050000000000000005 /* SpoknUITests */ = {
			isa = PBXGroup;
			children = (
				1A0000020000000000000030 /* SpoknUITests.swift */,
			);
			path = SpoknUITests;
			sourceTree = "<group>";
		};
		1A0000050000000000000004 /* SpoknTests */ = {
			isa = PBXGroup;
			children = (
				1A0000020000000000000020 /* LanguageDetectorTests.swift */,
				1A0000020000000000000021 /* MarkdownHelperTests.swift */,
				1A0000020000000000000022 /* ClipboardManagerTests.swift */,
				1A0000020000000000000023 /* KaraokeBarViewTests.swift */,
			);
			path = SpoknTests;
			sourceTree = "<group>";
		};
/* End PBXGroup section */

/* Begin PBXNativeTarget section */
		1A0000060000000000000001 /* Spokn */ = {
			isa = PBXNativeTarget;
			buildConfigurationList = 1A0000080000000000000001 /* Build configuration list for PBXNativeTarget "Spokn" */;
			buildPhases = (
				1A0000070000000000000001 /* Sources */,
				1A0000040000000000000001 /* Frameworks */,
				1A0000070000000000000002 /* Resources */,
			);
			buildRules = (
			);
			dependencies = (
			);
			name = Spokn;
			packageProductDependencies = (
				1A000002000000000000000D /* MarkdownUI */,
			);
			productName = Spokn;
			productReference = 1A0000030000000000000001 /* Spokn.app */;
			productType = "com.apple.product-type.application";
		};
		1A0000060000000000000002 /* SpoknTests */ = {
			isa = PBXNativeTarget;
			buildConfigurationList = 1A0000080000000000000003 /* Build configuration list for PBXNativeTarget "SpoknTests" */;
			buildPhases = (
				1A0000070000000000000003 /* Sources */,
				1A0000040000000000000003 /* Frameworks */,
				1A0000070000000000000004 /* Resources */,
			);
			buildRules = (
			);
			dependencies = (
				1A0000060000000000000003 /* PBXTargetDependency */,
			);
			name = SpoknTests;
			productName = SpoknTests;
			productReference = 1A0000030000000000000004 /* SpoknTests.xctest */;
			productType = "com.apple.product-type.bundle.unit-test";
		};
		1A0000060000000000000004 /* SpoknUITests */ = {
			isa = PBXNativeTarget;
			buildConfigurationList = 1A0000080000000000000004 /* Build configuration list for PBXNativeTarget "SpoknUITests" */;
			buildPhases = (
				1A0000070000000000000005 /* Sources */,
				1A0000040000000000000005 /* Frameworks */,
				1A0000070000000000000006 /* Resources */,
			);
			buildRules = (
			);
			dependencies = (
				1A0000060000000000000005 /* PBXTargetDependency */,
			);
			name = SpoknUITests;
			productName = SpoknUITests;
			productReference = 1A0000030000000000000005 /* SpoknUITests.xctest */;
			productType = "com.apple.product-type.bundle.ui-testing";
		};
/* End PBXNativeTarget section */

/* Begin PBXProject section */
		1A0000090000000000000001 /* Project object */ = {
			isa = PBXProject;
			attributes = {
				BuildIndependentTargetsInParallel = 1;
				LastSwiftUpdateCheck = 1500;
				LastUpgradeCheck = 1500;
				TargetAttributes = {
					1A0000060000000000000001 = {
						CreatedOnToolsVersion = 15.0;
					};
					1A0000060000000000000002 = {
						CreatedOnToolsVersion = 15.0;
						TestTargetID = 1A0000060000000000000001;
					};
					1A0000060000000000000004 = {
						CreatedOnToolsVersion = 15.0;
						TestTargetID = 1A0000060000000000000001;
					};
				};
			};
			buildConfigurationList = 1A0000080000000000000002 /* Build configuration list for PBXProject "Spokn" */;
			compatibilityVersion = "Xcode 14.0";
			developmentRegion = en;
			hasScannedForEncodings = 0;
			knownRegions = (
				en,
				Base,
				de,
			);
			mainGroup = 1A0000050000000000000001;
			packageReferences = (
				1A0000100000000000000001 /* XCRemoteSwiftPackageReference "swift-markdown-ui" */,
			);
			productRefGroup = 1A0000050000000000000003 /* Products */;
			projectDirPath = "";
			projectRoot = "";
			targets = (
				1A0000060000000000000001 /* Spokn */,
				1A0000060000000000000002 /* SpoknTests */,
				1A0000060000000000000004 /* SpoknUITests */,
			);
		};
/* End PBXProject section */

/* Begin PBXResourcesBuildPhase section */
		1A0000070000000000000002 /* Resources */ = {
			isa = PBXResourcesBuildPhase;
			buildActionMask = 2147483647;
			files = (
				1A0000010000000000000008 /* Assets.xcassets in Resources */,
			);
			runOnlyForDeploymentPostprocessing = 0;
		};
		1A0000070000000000000004 /* Resources */ = {
			isa = PBXResourcesBuildPhase;
			buildActionMask = 2147483647;
			files = (
			);
			runOnlyForDeploymentPostprocessing = 0;
		};
		1A0000070000000000000006 /* Resources */ = {
			isa = PBXResourcesBuildPhase;
			buildActionMask = 2147483647;
			files = (
			);
			runOnlyForDeploymentPostprocessing = 0;
		};
/* End PBXResourcesBuildPhase section */

/* Begin PBXSourcesBuildPhase section */
		1A0000070000000000000001 /* Sources */ = {
			isa = PBXSourcesBuildPhase;
			buildActionMask = 2147483647;
			files = (
				1A0000010000000000000001 /* SpoknApp.swift in Sources */,
				1A0000010000000000000003 /* SpeechService.swift in Sources */,
				1A0000010000000000000004 /* LanguageDetector.swift in Sources */,
				1A0000010000000000000005 /* HotkeyManager.swift in Sources */,
				1A0000010000000000000006 /* ClipboardManager.swift in Sources */,
				1A0000010000000000000009 /* AppState.swift in Sources */,
				1A000001000000000000000A /* OverlayView.swift in Sources */,
				1A000001000000000000000B /* SettingsView.swift in Sources */,
				1A000001000000000000000C /* MarkdownHelper.swift in Sources */,
				1A0000010000000000000010 /* KaraokeBarView.swift in Sources */,
				1A0000010000000000000011 /* DimmingContentView.swift in Sources */,
			);
			runOnlyForDeploymentPostprocessing = 0;
		};
		1A0000070000000000000003 /* Sources */ = {
			isa = PBXSourcesBuildPhase;
			buildActionMask = 2147483647;
			files = (
				1A0000010000000000000020 /* LanguageDetectorTests.swift in Sources */,
				1A0000010000000000000021 /* MarkdownHelperTests.swift in Sources */,
				1A0000010000000000000022 /* ClipboardManagerTests.swift in Sources */,
				1A0000010000000000000023 /* KaraokeBarViewTests.swift in Sources */,
			);
			runOnlyForDeploymentPostprocessing = 0;
		};
		1A0000070000000000000005 /* Sources */ = {
			isa = PBXSourcesBuildPhase;
			buildActionMask = 2147483647;
			files = (
				1A0000010000000000000030 /* SpoknUITests.swift in Sources */,
			);
			runOnlyForDeploymentPostprocessing = 0;
		};
/* End PBXSourcesBuildPhase section */

/* Begin PBXTargetDependency section */
		1A0000060000000000000003 /* PBXTargetDependency */ = {
			isa = PBXTargetDependency;
			target = 1A0000060000000000000001 /* Spokn */;
			targetProxy = 1A0000040000000000000002 /* PBXContainerItemProxy */;
		};
		1A0000060000000000000005 /* PBXTargetDependency */ = {
			isa = PBXTargetDependency;
			target = 1A0000060000000000000001 /* Spokn */;
			targetProxy = 1A0000040000000000000004 /* PBXContainerItemProxy */;
		};
/* End PBXTargetDependency section */

/* Begin XCBuildConfiguration section */
		1A000A010000000000000001 /* Debug */ = {
			isa = XCBuildConfiguration;
			buildSettings = {
				ALWAYS_SEARCH_USER_PATHS = NO;
				ASSETCATALOG_COMPILER_GENERATE_SWIFT_ASSET_SYMBOL_EXTENSIONS = YES;
				CLANG_ANALYZER_NONNULL = YES;
				CLANG_ANALYZER_NUMBER_OBJECT_CONVERSION = YES_AGGRESSIVE;
				CLANG_CXX_LANGUAGE_STANDARD = "gnu++20";
				CLANG_ENABLE_MODULES = YES;
				CLANG_ENABLE_OBJC_ARC = YES;
				CLANG_ENABLE_OBJC_WEAK = YES;
				CLANG_WARN_BLOCK_CAPTURE_AUTORELEASING = YES;
				CLANG_WARN_BOOL_CONVERSION = YES;
				CLANG_WARN_COMMA = YES;
				CLANG_WARN_CONSTANT_CONVERSION = YES;
				CLANG_WARN_DEPRECATED_OBJC_IMPLEMENTATIONS = YES;
				CLANG_WARN_DIRECT_OBJC_ISA_USAGE = YES_ERROR;
				CLANG_WARN_DOCUMENTATION_COMMENTS = YES;
				CLANG_WARN_EMPTY_BODY = YES;
				CLANG_WARN_ENUM_CONVERSION = YES;
				CLANG_WARN_INFINITE_RECURSION = YES;
				CLANG_WARN_INT_CONVERSION = YES;
				CLANG_WARN_NON_LITERAL_NULL_CONVERSION = YES;
				CLANG_WARN_OBJC_IMPLICIT_RETAIN_SELF = YES;
				CLANG_WARN_OBJC_LITERAL_CONVERSION = YES;
				CLANG_WARN_OBJC_ROOT_CLASS = YES_ERROR;
				CLANG_WARN_QUOTED_INCLUDE_IN_FRAMEWORK_HEADER = YES;
				CLANG_WARN_RANGE_LOOP_ANALYSIS = YES;
				CLANG_WARN_STRICT_PROTOTYPES = YES;
				CLANG_WARN_SUSPICIOUS_MOVE = YES;
				CLANG_WARN_UNGUARDED_AVAILABILITY = YES_AGGRESSIVE;
				CLANG_WARN_UNREACHABLE_CODE = YES;
				CLANG_WARN__DUPLICATE_METHOD_MATCH = YES;
				COPY_PHASE_STRIP = NO;
				DEBUG_INFORMATION_FORMAT = dwarf;
				ENABLE_STRICT_OBJC_MSGSEND = YES;
				ENABLE_TESTABILITY = YES;
				ENABLE_USER_SCRIPT_SANDBOXING = YES;
				GCC_C_LANGUAGE_STANDARD = gnu17;
				GCC_DYNAMIC_NO_PIC = NO;
				GCC_NO_COMMON_BLOCKS = YES;
				GCC_OPTIMIZATION_LEVEL = 0;
				GCC_PREPROCESSOR_DEFINITIONS = (
					"DEBUG=1",
					"$(inherited)",
				);
				GCC_WARN_64_TO_32_BIT_CONVERSION = YES;
				GCC_WARN_ABOUT_RETURN_TYPE = YES_ERROR;
				GCC_WARN_UNDECLARED_SELECTOR = YES;
				GCC_WARN_UNINITIALIZED_AUTOS = YES_AGGRESSIVE;
				GCC_WARN_UNUSED_FUNCTION = YES;
				GCC_WARN_UNUSED_VARIABLE = YES;
				MACOSX_DEPLOYMENT_TARGET = 14.0;
				MTL_ENABLE_DEBUG_INFO = INCLUDE_SOURCE;
				MTL_FAST_MATH = YES;
				ONLY_ACTIVE_ARCH = YES;
				SDKROOT = macosx;
				SWIFT_ACTIVE_COMPILATION_CONDITIONS = "DEBUG $(inherited)";
				SWIFT_OPTIMIZATION_LEVEL = "-Onone";
			};
			name = Debug;
		};
		1A000A010000000000000002 /* Release */ = {
			isa = XCBuildConfiguration;
			buildSettings = {
				ALWAYS_SEARCH_USER_PATHS = NO;
				ASSETCATALOG_COMPILER_GENERATE_SWIFT_ASSET_SYMBOL_EXTENSIONS = YES;
				CLANG_ANALYZER_NONNULL = YES;
				CLANG_ANALYZER_NUMBER_OBJECT_CONVERSION = YES_AGGRESSIVE;
				CLANG_CXX_LANGUAGE_STANDARD = "gnu++20";
				CLANG_ENABLE_MODULES = YES;
				CLANG_ENABLE_OBJC_ARC = YES;
				CLANG_ENABLE_OBJC_WEAK = YES;
				CLANG_WARN_BLOCK_CAPTURE_AUTORELEASING = YES;
				CLANG_WARN_BOOL_CONVERSION = YES;
				CLANG_WARN_COMMA = YES;
				CLANG_WARN_CONSTANT_CONVERSION = YES;
				CLANG_WARN_DEPRECATED_OBJC_IMPLEMENTATIONS = YES;
				CLANG_WARN_DIRECT_OBJC_ISA_USAGE = YES_ERROR;
				CLANG_WARN_DOCUMENTATION_COMMENTS = YES;
				CLANG_WARN_EMPTY_BODY = YES;
				CLANG_WARN_ENUM_CONVERSION = YES;
				CLANG_WARN_INFINITE_RECURSION = YES;
				CLANG_WARN_INT_CONVERSION = YES;
				CLANG_WARN_NON_LITERAL_NULL_CONVERSION = YES;
				CLANG_WARN_OBJC_IMPLICIT_RETAIN_SELF = YES;
				CLANG_WARN_OBJC_LITERAL_CONVERSION = YES;
				CLANG_WARN_OBJC_ROOT_CLASS = YES_ERROR;
				CLANG_WARN_QUOTED_INCLUDE_IN_FRAMEWORK_HEADER = YES;
				CLANG_WARN_RANGE_LOOP_ANALYSIS = YES;
				CLANG_WARN_STRICT_PROTOTYPES = YES;
				CLANG_WARN_SUSPICIOUS_MOVE = YES;
				CLANG_WARN_UNGUARDED_AVAILABILITY = YES_AGGRESSIVE;
				CLANG_WARN_UNREACHABLE_CODE = YES;
				CLANG_WARN__DUPLICATE_METHOD_MATCH = YES;
				COPY_PHASE_STRIP = NO;
				DEBUG_INFORMATION_FORMAT = "dwarf-with-dsym";
				ENABLE_NS_ASSERTIONS = NO;
				ENABLE_STRICT_OBJC_MSGSEND = YES;
				ENABLE_USER_SCRIPT_SANDBOXING = YES;
				GCC_C_LANGUAGE_STANDARD = gnu17;
				GCC_NO_COMMON_BLOCKS = YES;
				GCC_WARN_64_TO_32_BIT_CONVERSION = YES;
				GCC_WARN_ABOUT_RETURN_TYPE = YES_ERROR;
				GCC_WARN_UNDECLARED_SELECTOR = YES;
				GCC_WARN_UNINITIALIZED_AUTOS = YES_AGGRESSIVE;
				GCC_WARN_UNUSED_FUNCTION = YES;
				GCC_WARN_UNUSED_VARIABLE = YES;
				MACOSX_DEPLOYMENT_TARGET = 14.0;
				MTL_ENABLE_DEBUG_INFO = NO;
				MTL_FAST_MATH = YES;
				SDKROOT = macosx;
				SWIFT_COMPILATION_MODE = wholemodule;
			};
			name = Release;
		};
		1A000A020000000000000001 /* Debug */ = {
			isa = XCBuildConfiguration;
			buildSettings = {
				ASSETCATALOG_COMPILER_APPICON_NAME = AppIcon;
				ASSETCATALOG_COMPILER_GLOBAL_ACCENT_COLOR_NAME = AccentColor;
				CODE_SIGN_ENTITLEMENTS = Spokn/Spokn.entitlements;
				CODE_SIGN_STYLE = Automatic;
				COMBINE_HIDPI_IMAGES = YES;
				CURRENT_PROJECT_VERSION = 1;
				DEVELOPMENT_ASSET_PATHS = "";
				ENABLE_HARDENED_RUNTIME = YES;
				ENABLE_PREVIEWS = YES;
				GENERATE_INFOPLIST_FILE = NO;
				INFOPLIST_FILE = Spokn/Info.plist;
				INFOPLIST_KEY_LSApplicationCategoryType = "public.app-category.utilities";
				INFOPLIST_KEY_NSHumanReadableCopyright = "";
				LD_RUNPATH_SEARCH_PATHS = (
					"$(inherited)",
					"@executable_path/../Frameworks",
				);
				MARKETING_VERSION = 1.0;
				PRODUCT_BUNDLE_IDENTIFIER = com.niklasheer.spokn;
				PRODUCT_NAME = "$(TARGET_NAME)";
				SWIFT_EMIT_LOC_STRINGS = YES;
				SWIFT_VERSION = 5.0;
			};
			name = Debug;
		};
		1A000A020000000000000002 /* Release */ = {
			isa = XCBuildConfiguration;
			buildSettings = {
				ASSETCATALOG_COMPILER_APPICON_NAME = AppIcon;
				ASSETCATALOG_COMPILER_GLOBAL_ACCENT_COLOR_NAME = AccentColor;
				CODE_SIGN_ENTITLEMENTS = Spokn/Spokn.entitlements;
				CODE_SIGN_STYLE = Automatic;
				COMBINE_HIDPI_IMAGES = YES;
				CURRENT_PROJECT_VERSION = 1;
				DEVELOPMENT_ASSET_PATHS = "";
				ENABLE_HARDENED_RUNTIME = YES;
				ENABLE_PREVIEWS = YES;
				GENERATE_INFOPLIST_FILE = NO;
				INFOPLIST_FILE = Spokn/Info.plist;
				INFOPLIST_KEY_LSApplicationCategoryType = "public.app-category.utilities";
				INFOPLIST_KEY_NSHumanReadableCopyright = "";
				LD_RUNPATH_SEARCH_PATHS = (
					"$(inherited)",
					"@executable_path/../Frameworks",
				);
				MARKETING_VERSION = 1.0;
				PRODUCT_BUNDLE_IDENTIFIER = com.niklasheer.spokn;
				PRODUCT_NAME = "$(TARGET_NAME)";
				SWIFT_EMIT_LOC_STRINGS = YES;
				SWIFT_VERSION = 5.0;
			};
			name = Release;
		};
		1A000A020000000000000003 /* Debug */ = {
			isa = XCBuildConfiguration;
			buildSettings = {
				BUNDLE_LOADER = "$(TEST_HOST)";
				CODE_SIGN_STYLE = Automatic;
				CURRENT_PROJECT_VERSION = 1;
				GENERATE_INFOPLIST_FILE = YES;
				MACOSX_DEPLOYMENT_TARGET = 14.0;
				MARKETING_VERSION = 1.0;
				PRODUCT_BUNDLE_IDENTIFIER = com.niklasheer.spokn.tests;
				PRODUCT_NAME = "$(TARGET_NAME)";
				SWIFT_EMIT_LOC_STRINGS = NO;
				SWIFT_VERSION = 5.0;
				TEST_HOST = "$(BUILT_PRODUCTS_DIR)/Spokn.app/$(BUNDLE_EXECUTABLE_FOLDER_PATH)/Spokn";
			};
			name = Debug;
		};
		1A000A020000000000000004 /* Release */ = {
			isa = XCBuildConfiguration;
			buildSettings = {
				BUNDLE_LOADER = "$(TEST_HOST)";
				CODE_SIGN_STYLE = Automatic;
				CURRENT_PROJECT_VERSION = 1;
				GENERATE_INFOPLIST_FILE = YES;
				MACOSX_DEPLOYMENT_TARGET = 14.0;
				MARKETING_VERSION = 1.0;
				PRODUCT_BUNDLE_IDENTIFIER = com.niklasheer.spokn.tests;
				PRODUCT_NAME = "$(TARGET_NAME)";
				SWIFT_EMIT_LOC_STRINGS = NO;
				SWIFT_VERSION = 5.0;
				TEST_HOST = "$(BUILT_PRODUCTS_DIR)/Spokn.app/$(BUNDLE_EXECUTABLE_FOLDER_PATH)/Spokn";
			};
			name = Release;
		};
		1A000A020000000000000005 /* Debug */ = {
			isa = XCBuildConfiguration;
			buildSettings = {
				CODE_SIGN_STYLE = Automatic;
				CURRENT_PROJECT_VERSION = 1;
				GENERATE_INFOPLIST_FILE = YES;
				MACOSX_DEPLOYMENT_TARGET = 14.0;
				MARKETING_VERSION = 1.0;
				PRODUCT_BUNDLE_IDENTIFIER = com.niklasheer.spokn.uitests;
				PRODUCT_NAME = "$(TARGET_NAME)";
				SWIFT_EMIT_LOC_STRINGS = NO;
				SWIFT_VERSION = 5.0;
				TEST_TARGET_NAME = Spokn;
			};
			name = Debug;
		};
		1A000A020000000000000006 /* Release */ = {
			isa = XCBuildConfiguration;
			buildSettings = {
				CODE_SIGN_STYLE = Automatic;
				CURRENT_PROJECT_VERSION = 1;
				GENERATE_INFOPLIST_FILE = YES;
				MACOSX_DEPLOYMENT_TARGET = 14.0;
				MARKETING_VERSION = 1.0;
				PRODUCT_BUNDLE_IDENTIFIER = com.niklasheer.spokn.uitests;
				PRODUCT_NAME = "$(TARGET_NAME)";
				SWIFT_EMIT_LOC_STRINGS = NO;
				SWIFT_VERSION = 5.0;
				TEST_TARGET_NAME = Spokn;
			};
			name = Release;
		};
/* End XCBuildConfiguration section */

/* Begin XCConfigurationList section */
		1A0000080000000000000001 /* Build configuration list for PBXNativeTarget "Spokn" */ = {
			isa = XCConfigurationList;
			buildConfigurations = (
				1A000A020000000000000001 /* Debug */,
				1A000A020000000000000002 /* Release */,
			);
			defaultConfigurationIsVisible = 0;
			defaultConfigurationName = Release;
		};
		1A0000080000000000000002 /* Build configuration list for PBXProject "Spokn" */ = {
			isa = XCConfigurationList;
			buildConfigurations = (
				1A000A010000000000000001 /* Debug */,
				1A000A010000000000000002 /* Release */,
			);
			defaultConfigurationIsVisible = 0;
			defaultConfigurationName = Release;
		};
		1A0000080000000000000003 /* Build configuration list for PBXNativeTarget "SpoknTests" */ = {
			isa = XCConfigurationList;
			buildConfigurations = (
				1A000A020000000000000003 /* Debug */,
				1A000A020000000000000004 /* Release */,
			);
			defaultConfigurationIsVisible = 0;
			defaultConfigurationName = Release;
		};
		1A0000080000000000000004 /* Build configuration list for PBXNativeTarget "SpoknUITests" */ = {
			isa = XCConfigurationList;
			buildConfigurations = (
				1A000A020000000000000005 /* Debug */,
				1A000A020000000000000006 /* Release */,
			);
			defaultConfigurationIsVisible = 0;
			defaultConfigurationName = Release;
		};
/* End XCConfigurationList section */

/* Begin XCRemoteSwiftPackageReference section */
		1A0000100000000000000001 /* XCRemoteSwiftPackageReference "swift-markdown-ui" */ = {
			isa = XCRemoteSwiftPackageReference;
			repositoryURL = "https://github.com/gonzalezreal/swift-markdown-ui";
			requirement = {
				kind = upToNextMajorVersion;
				minimumVersion = 2.0.0;
			};
		};
/* End XCRemoteSwiftPackageReference section */

/* Begin XCSwiftPackageProductDependency section */
		1A000002000000000000000D /* MarkdownUI */ = {
			isa = XCSwiftPackageProductDependency;
			package = 1A0000100000000000000001 /* XCRemoteSwiftPackageReference "swift-markdown-ui" */;
			productName = MarkdownUI;
		};
/* End XCSwiftPackageProductDependency section */

	};
	rootObject = 1A0000090000000000000001 /* Project object */;
}
